
Microsoft Visual Studio Solution File, Format Version 12.00
# Visual Studio Version 17
VisualStudioVersion = 17.9.34622.214
MinimumVisualStudioVersion = 10.0.40219.1
Project("{9A19103F-16F7-4668-BE54-9A1E7A4F7556}") = "T2", "T2\T2.csproj", "{E1EC8B5A-B0BA-4E99-A62B-3B3A89262D47}"
EndProject
Project("{9A19103F-16F7-4668-BE54-9A1E7A4F7556}") = "API", "API\API.csproj", "{32FA3E14-5D4F-404D-9AB6-BD33BEF4EAF5}"
EndProject
Project("{FAE04EC0-301F-11D3-BF4B-00C04F79EFBC}") = "ApiWebDB", "ApiWebDB\ApiWebDB.csproj", "{2FFFDD4E-656F-4BC3-9871-7641624D3D78}"
EndProject
Global
	GlobalSection(SolutionConfigurationPlatforms) = preSolution
		Debug|Any CPU = Debug|Any CPU
		Release|Any CPU = Release|Any CPU
	EndGlobalSection
	GlobalSection(ProjectConfigurationPlatforms) = postSolution
		{E1EC8B5A-B0BA-4E99-A62B-3B3A89262D47}.Debug|Any CPU.ActiveCfg = Debug|Any CPU
		{E1EC8B5A-B0BA-4E99-A62B-3B3A89262D47}.Debug|Any CPU.Build.0 = Debug|Any CPU
		{E1EC8B5A-B0BA-4E99-A62B-3B3A89262D47}.Release|Any CPU.ActiveCfg = Release|Any CPU
		{E1EC8B5A-B0BA-4E99-A62B-3B3A89262D47}.Release|Any CPU.Build.0 = Release|Any CPU
		{32FA3E14-5D4F-404D-9AB6-BD33BEF4EAF5}.Debug|Any CPU.ActiveCfg = Debug|Any CPU
		{32FA3E14-5D4F-404D-9AB6-BD33BEF4EAF5}.Debug|Any CPU.Build.0 = Debug|Any CPU
		{32FA3E14-5D4F-404D-9AB6-BD33BEF4EAF5}.Release|Any CPU.ActiveCfg = Release|Any CPU
		{32FA3E14-5D4F-404D-9AB6-BD33BEF4EAF5}.Release|Any CPU.Build.0 = Release|Any CPU
		{2FFFDD4E-656F-4BC3-9871-7641624D3D78}.Debug|Any CPU.ActiveCfg = Debug|Any CPU
		{2FFFDD4E-656F-4BC3-9871-7641624D3D78}.Debug|Any CPU.Build.0 = Debug|Any CPU
		{2FFFDD4E-656F-4BC3-9871-7641624D3D78}.Release|Any CPU.ActiveCfg = Release|Any CPU
		{2FFFDD4E-656F-4BC3-9871-7641624D3D78}.Release|Any CPU.Build.0 = Release|Any CPU
	EndGlobalSection
	GlobalSection(SolutionProperties) = preSolution
		HideSolutionNode = FALSE
	EndGlobalSection
	GlobalSection(ExtensibilityGlobals) = postSolution
		SolutionGuid = {6163DC69-C59D-483E-AB46-14121F1A8751}
	EndGlobalSection
EndGlobal
